// !$*UTF8*$!
{
	archiveVersion = 1;
	classes = {
	};
	objectVersion = 46;
	objects = {

/* Begin PBXBuildFile section */
		873F781A186D0A780086D16C /* wx-3.0-debug.xcconfig in Resources */ = {isa = PBXBuildFile; fileRef = 873F7818186D0A780086D16C /* wx-3.0-debug.xcconfig */; };
		873F781B186D0A780086D16C /* wx-3.0-release.xcconfig in Resources */ = {isa = PBXBuildFile; fileRef = 873F7819186D0A780086D16C /* wx-3.0-release.xcconfig */; };
		873F781D186D0C0C0086D16C /* libGefri.a in Frameworks */ = {isa = PBXBuildFile; fileRef = 873F781C186D0C0C0086D16C /* libGefri.a */; };
		879535FD16DD6FBB006D69FE /* gxDraw.icns in Resources */ = {isa = PBXBuildFile; fileRef = 879535FC16DD6FBB006D69FE /* gxDraw.icns */; };
		87C7ADDC164C8F6900894B8A /* Cocoa.framework in Frameworks */ = {isa = PBXBuildFile; fileRef = 87C7ADDB164C8F6900894B8A /* Cocoa.framework */; };
		87C7ADE6164C8F6900894B8A /* InfoPlist.strings in Resources */ = {isa = PBXBuildFile; fileRef = 87C7ADE4164C8F6900894B8A /* InfoPlist.strings */; };
		87C7AE0C164C9CEF00894B8A /* main.cpp in Sources */ = {isa = PBXBuildFile; fileRef = 87C7AE09164C9CEF00894B8A /* main.cpp */; };
		87C7AE0D164C9CEF00894B8A /* myFrame.cpp in Sources */ = {isa = PBXBuildFile; fileRef = 87C7AE0A164C9CEF00894B8A /* myFrame.cpp */; };
/* End PBXBuildFile section */

/* Begin PBXFileReference section */
		873F7818186D0A780086D16C /* wx-3.0-debug.xcconfig */ = {isa = PBXFileReference; fileEncoding = 4; lastKnownFileType = text.xcconfig; name = "wx-3.0-debug.xcconfig"; path = "../../../../Libraries/wxWidgets/OSX/wx-3.0-debug.xcconfig"; sourceTree = "<group>"; };
		873F7819186D0A780086D16C /* wx-3.0-release.xcconfig */ = {isa = PBXFileReference; fileEncoding = 4; lastKnownFileType = text.xcconfig; name = "wx-3.0-release.xcconfig"; path = "../../../../Libraries/wxWidgets/OSX/wx-3.0-release.xcconfig"; sourceTree = "<group>"; };
		873F781C186D0C0C0086D16C /* libGefri.a */ = {isa = PBXFileReference; lastKnownFileType = archive.ar; name = libGefri.a; path = "../../../../../../../../Users/izhaki/Library/Developer/Xcode/DerivedData/Gefri-dndmfsfvlkifqrfgdceqdrycoppb/Build/Products/Debug/libGefri.a"; sourceTree = "<group>"; };
		879535FC16DD6FBB006D69FE /* gxDraw.icns */ = {isa = PBXFileReference; lastKnownFileType = image.icns; path = gxDraw.icns; sourceTree = "<group>"; };
		87C7ADD7164C8F6900894B8A /* gxDraw.app */ = {isa = PBXFileReference; explicitFileType = wrapper.application; includeInIndex = 0; path = gxDraw.app; sourceTree = BUILT_PRODUCTS_DIR; };
		87C7ADDB164C8F6900894B8A /* Cocoa.framework */ = {isa = PBXFileReference; lastKnownFileType = wrapper.framework; name = Cocoa.framework; path = System/Library/Frameworks/Cocoa.framework; sourceTree = SDKROOT; };
		87C7ADDE164C8F6900894B8A /* AppKit.framework */ = {isa = PBXFileReference; lastKnownFileType = wrapper.framework; name = AppKit.framework; path = System/Library/Frameworks/AppKit.framework; sourceTree = SDKROOT; };
		87C7ADDF164C8F6900894B8A /* CoreData.framework */ = {isa = PBXFileReference; lastKnownFileType = wrapper.framework; name = CoreData.framework; path = System/Library/Frameworks/CoreData.framework; sourceTree = SDKROOT; };
		87C7ADE0164C8F6900894B8A /* Foundation.framework */ = {isa = PBXFileReference; lastKnownFileType = wrapper.framework; name = Foundation.framework; path = System/Library/Frameworks/Foundation.framework; sourceTree = SDKROOT; };
		87C7ADE3164C8F6900894B8A /* gxDraw-Info.plist */ = {isa = PBXFileReference; lastKnownFileType = text.plist.xml; path = "gxDraw-Info.plist"; sourceTree = "<group>"; };
		87C7ADE5164C8F6900894B8A /* en */ = {isa = PBXFileReference; lastKnownFileType = text.plist.strings; name = en; path = en.lproj/InfoPlist.strings; sourceTree = "<group>"; };
		87C7ADE9164C8F6900894B8A /* gxDraw-Prefix.pch */ = {isa = PBXFileReference; lastKnownFileType = sourcecode.c.h; path = "gxDraw-Prefix.pch"; sourceTree = "<group>"; };
		87C7ADF8164C8F8800894B8A /* wx2.9.4.xcconfig */ = {isa = PBXFileReference; fileEncoding = 4; lastKnownFileType = text.xcconfig; path = wx2.9.4.xcconfig; sourceTree = "<group>"; };
		87C7AE09164C9CEF00894B8A /* main.cpp */ = {isa = PBXFileReference; fileEncoding = 4; lastKnownFileType = sourcecode.cpp.cpp; name = main.cpp; path = ../../src/main.cpp; sourceTree = "<group>"; };
		87C7AE0A164C9CEF00894B8A /* myFrame.cpp */ = {isa = PBXFileReference; fileEncoding = 4; lastKnownFileType = sourcecode.cpp.cpp; name = myFrame.cpp; path = ../../src/myFrame.cpp; sourceTree = "<group>"; };
		87C7AE0B164C9CEF00894B8A /* myFrame.h */ = {isa = PBXFileReference; fileEncoding = 4; lastKnownFileType = sourcecode.c.h; name = myFrame.h; path = ../../src/myFrame.h; sourceTree = "<group>"; };
/* End PBXFileReference section */

/* Begin PBXFrameworksBuildPhase section */
		87C7ADD4164C8F6900894B8A /* Frameworks */ = {
			isa = PBXFrameworksBuildPhase;
			buildActionMask = 2147483647;
			files = (
				873F781D186D0C0C0086D16C /* libGefri.a in Frameworks */,
				87C7ADDC164C8F6900894B8A /* Cocoa.framework in Frameworks */,
			);
			runOnlyForDeploymentPostprocessing = 0;
		};
/* End PBXFrameworksBuildPhase section */

/* Begin PBXGroup section */
		87C7ADCC164C8F6900894B8A = {
			isa = PBXGroup;
			children = (
				879535FC16DD6FBB006D69FE /* gxDraw.icns */,
				87C7ADE1164C8F6900894B8A /* gxDraw */,
				87C7ADDA164C8F6900894B8A /* Frameworks */,
				87C7ADD8164C8F6900894B8A /* Products */,
			);
			sourceTree = "<group>";
		};
		87C7ADD8164C8F6900894B8A /* Products */ = {
			isa = PBXGroup;
			children = (
				87C7ADD7164C8F6900894B8A /* gxDraw.app */,
			);
			name = Products;
			sourceTree = "<group>";
		};
		87C7ADDA164C8F6900894B8A /* Frameworks */ = {
			isa = PBXGroup;
			children = (
				873F781C186D0C0C0086D16C /* libGefri.a */,
				87C7ADDB164C8F6900894B8A /* Cocoa.framework */,
				87C7ADDD164C8F6900894B8A /* Other Frameworks */,
			);
			name = Frameworks;
			sourceTree = "<group>";
		};
		87C7ADDD164C8F6900894B8A /* Other Frameworks */ = {
			isa = PBXGroup;
			children = (
				87C7ADDE164C8F6900894B8A /* AppKit.framework */,
				87C7ADDF164C8F6900894B8A /* CoreData.framework */,
				87C7ADE0164C8F6900894B8A /* Foundation.framework */,
			);
			name = "Other Frameworks";
			sourceTree = "<group>";
		};
		87C7ADE1164C8F6900894B8A /* gxDraw */ = {
			isa = PBXGroup;
			children = (
				87C7ADFE164C92DF00894B8A /* Source */,
				87C7ADE2164C8F6900894B8A /* Supporting Files */,
			);
			path = gxDraw;
			sourceTree = "<group>";
		};
		87C7ADE2164C8F6900894B8A /* Supporting Files */ = {
			isa = PBXGroup;
			children = (
				873F7818186D0A780086D16C /* wx-3.0-debug.xcconfig */,
				873F7819186D0A780086D16C /* wx-3.0-release.xcconfig */,
				87C7ADF8164C8F8800894B8A /* wx2.9.4.xcconfig */,
				87C7ADE3164C8F6900894B8A /* gxDraw-Info.plist */,
				87C7ADE4164C8F6900894B8A /* InfoPlist.strings */,
				87C7ADE9164C8F6900894B8A /* gxDraw-Prefix.pch */,
			);
			name = "Supporting Files";
			sourceTree = "<group>";
		};
		87C7ADFE164C92DF00894B8A /* Source */ = {
			isa = PBXGroup;
			children = (
				87C7AE09164C9CEF00894B8A /* main.cpp */,
				87C7AE0A164C9CEF00894B8A /* myFrame.cpp */,
				87C7AE0B164C9CEF00894B8A /* myFrame.h */,
			);
			name = Source;
			sourceTree = "<group>";
		};
/* End PBXGroup section */

/* Begin PBXNativeTarget section */
		87C7ADD6164C8F6900894B8A /* gxDraw */ = {
			isa = PBXNativeTarget;
			buildConfigurationList = 87C7ADF5164C8F6A00894B8A /* Build configuration list for PBXNativeTarget "gxDraw" */;
			buildPhases = (
				87C7ADD3164C8F6900894B8A /* Sources */,
				87C7ADD4164C8F6900894B8A /* Frameworks */,
				87C7ADD5164C8F6900894B8A /* Resources */,
			);
			buildRules = (
			);
			dependencies = (
			);
			name = gxDraw;
			productName = gxDraw;
			productReference = 87C7ADD7164C8F6900894B8A /* gxDraw.app */;
			productType = "com.apple.product-type.application";
		};
/* End PBXNativeTarget section */

/* Begin PBXProject section */
		87C7ADCE164C8F6900894B8A /* Project object */ = {
			isa = PBXProject;
			attributes = {
				LastUpgradeCheck = 0500;
				ORGANIZATIONNAME = Izhaki;
			};
			buildConfigurationList = 87C7ADD1164C8F6900894B8A /* Build configuration list for PBXProject "gxDraw" */;
			compatibilityVersion = "Xcode 3.2";
			developmentRegion = English;
			hasScannedForEncodings = 0;
			knownRegions = (
				en,
			);
			mainGroup = 87C7ADCC164C8F6900894B8A;
			productRefGroup = 87C7ADD8164C8F6900894B8A /* Products */;
			projectDirPath = "";
			projectRoot = "";
			targets = (
				87C7ADD6164C8F6900894B8A /* gxDraw */,
			);
		};
/* End PBXProject section */

/* Begin PBXResourcesBuildPhase section */
		87C7ADD5164C8F6900894B8A /* Resources */ = {
			isa = PBXResourcesBuildPhase;
			buildActionMask = 2147483647;
			files = (
				87C7ADE6164C8F6900894B8A /* InfoPlist.strings in Resources */,
				873F781B186D0A780086D16C /* wx-3.0-release.xcconfig in Resources */,
				873F781A186D0A780086D16C /* wx-3.0-debug.xcconfig in Resources */,
				879535FD16DD6FBB006D69FE /* gxDraw.icns in Resources */,
			);
			runOnlyForDeploymentPostprocessing = 0;
		};
/* End PBXResourcesBuildPhase section */

/* Begin PBXSourcesBuildPhase section */
		87C7ADD3164C8F6900894B8A /* Sources */ = {
			isa = PBXSourcesBuildPhase;
			buildActionMask = 2147483647;
			files = (
				87C7AE0C164C9CEF00894B8A /* main.cpp in Sources */,
				87C7AE0D164C9CEF00894B8A /* myFrame.cpp in Sources */,
			);
			runOnlyForDeploymentPostprocessing = 0;
		};
/* End PBXSourcesBuildPhase section */

/* Begin PBXVariantGroup section */
		87C7ADE4164C8F6900894B8A /* InfoPlist.strings */ = {
			isa = PBXVariantGroup;
			children = (
				87C7ADE5164C8F6900894B8A /* en */,
			);
			name = InfoPlist.strings;
			sourceTree = "<group>";
		};
/* End PBXVariantGroup section */

/* Begin XCBuildConfiguration section */
		87C7ADF3164C8F6A00894B8A /* Debug */ = {
			isa = XCBuildConfiguration;
			buildSettings = {
				ALWAYS_SEARCH_USER_PATHS = NO;
				CLANG_CXX_LANGUAGE_STANDARD = "c++0x";
				CLANG_CXX_LIBRARY = "libc++";
				CLANG_ENABLE_OBJC_ARC = YES;
				CLANG_WARN_EMPTY_BODY = YES;
				CLANG_WARN__DUPLICATE_METHOD_MATCH = YES;
				COPY_PHASE_STRIP = NO;
				GCC_C_LANGUAGE_STANDARD = gnu99;
				GCC_DYNAMIC_NO_PIC = NO;
				GCC_ENABLE_OBJC_EXCEPTIONS = YES;
				GCC_OPTIMIZATION_LEVEL = 0;
				GCC_PREPROCESSOR_DEFINITIONS = (
					"DEBUG=1",
					"$(inherited)",
				);
				GCC_SYMBOLS_PRIVATE_EXTERN = NO;
				GCC_WARN_64_TO_32_BIT_CONVERSION = YES;
				GCC_WARN_ABOUT_RETURN_TYPE = YES;
				GCC_WARN_UNINITIALIZED_AUTOS = YES;
				GCC_WARN_UNUSED_VARIABLE = YES;
				MACOSX_DEPLOYMENT_TARGET = 10.7;
				ONLY_ACTIVE_ARCH = YES;
				SDKROOT = macosx;
			};
			name = Debug;
		};
		87C7ADF4164C8F6A00894B8A /* Release */ = {
			isa = XCBuildConfiguration;
			buildSettings = {
				ALWAYS_SEARCH_USER_PATHS = NO;
				CLANG_CXX_LANGUAGE_STANDARD = "c++0x";
				CLANG_CXX_LIBRARY = "libc++";
				CLANG_ENABLE_OBJC_ARC = YES;
				CLANG_WARN_EMPTY_BODY = YES;
				CLANG_WARN__DUPLICATE_METHOD_MATCH = YES;
				COPY_PHASE_STRIP = YES;
				DEBUG_INFORMATION_FORMAT = "dwarf-with-dsym";
				GCC_C_LANGUAGE_STANDARD = gnu99;
				GCC_ENABLE_OBJC_EXCEPTIONS = YES;
				GCC_WARN_64_TO_32_BIT_CONVERSION = YES;
				GCC_WARN_ABOUT_RETURN_TYPE = YES;
				GCC_WARN_UNINITIALIZED_AUTOS = YES;
				GCC_WARN_UNUSED_VARIABLE = YES;
				MACOSX_DEPLOYMENT_TARGET = 10.7;
				SDKROOT = macosx;
			};
			name = Release;
		};
		87C7ADF6164C8F6A00894B8A /* Debug */ = {
			isa = XCBuildConfiguration;
			baseConfigurationReference = 873F7818186D0A780086D16C /* wx-3.0-debug.xcconfig */;
			buildSettings = {
				COMBINE_HIDPI_IMAGES = YES;
				GCC_PRECOMPILE_PREFIX_HEADER = YES;
				GCC_PREFIX_HEADER = "gxDraw/gxDraw-Prefix.pch";
				GCC_VERSION = com.apple.compilers.llvm.clang.1_0;
				GCC_WARN_UNINITIALIZED_AUTOS = NO;
				HEADER_SEARCH_PATHS = ../../../src/;
				INFOPLIST_FILE = "gxDraw/gxDraw-Info.plist";
				LIBRARY_SEARCH_PATHS = "$(inherited)";
				PRODUCT_NAME = "$(TARGET_NAME)";
				SDKROOT = macosx;
				USER_HEADER_SEARCH_PATHS = "";
				WRAPPER_EXTENSION = app;
			};
			name = Debug;
		};
		87C7ADF7164C8F6A00894B8A /* Release */ = {
			isa = XCBuildConfiguration;
			baseConfigurationReference = 873F7819186D0A780086D16C /* wx-3.0-release.xcconfig */;
			buildSettings = {
				COMBINE_HIDPI_IMAGES = YES;
				GCC_PRECOMPILE_PREFIX_HEADER = YES;
				GCC_PREFIX_HEADER = "gxDraw/gxDraw-Prefix.pch";
				GCC_VERSION = com.apple.compilers.llvm.clang.1_0;
				GCC_WARN_UNINITIALIZED_AUTOS = NO;
				HEADER_SEARCH_PATHS = ../../../src/;
				INFOPLIST_FILE = "gxDraw/gxDraw-Info.plist";
				LIBRARY_SEARCH_PATHS = "$(inherited)";
				PRODUCT_NAME = "$(TARGET_NAME)";
				SDKROOT = macosx;
				USER_HEADER_SEARCH_PATHS = "";
				WRAPPER_EXTENSION = app;
			};
			name = Release;
		};
/* End XCBuildConfiguration section */

/* Begin XCConfigurationList section */
		87C7ADD1164C8F6900894B8A /* Build configuration list for PBXProject "gxDraw" */ = {
			isa = XCConfigurationList;
			buildConfigurations = (
				87C7ADF3164C8F6A00894B8A /* Debug */,
				87C7ADF4164C8F6A00894B8A /* Release */,
			);
			defaultConfigurationIsVisible = 0;
			defaultConfigurationName = Release;
		};
		87C7ADF5164C8F6A00894B8A /* Build configuration list for PBXNativeTarget "gxDraw" */ = {
			isa = XCConfigurationList;
			buildConfigurations = (
				87C7ADF6164C8F6A00894B8A /* Debug */,
				87C7ADF7164C8F6A00894B8A /* Release */,
			);
			defaultConfigurationIsVisible = 0;
			defaultConfigurationName = Release;
		};
/* End XCConfigurationList section */
	};
	rootObject = 87C7ADCE164C8F6900894B8A /* Project object */;
}
